
Microsoft Visual Studio Solution File, Format Version 12.00
# Visual Studio 15
VisualStudioVersion = 15.0.27428.2037
MinimumVisualStudioVersion = 10.0.40219.1
Project("{FAE04EC0-301F-11D3-BF4B-00C04F79EFBC}") = "io_task1", "io_task1\io_task1.csproj", "{2EBA92E8-516F-473E-A0E8-3C0B0D7E2DA1}"
EndProject
Global
	GlobalSection(SolutionConfigurationPlatforms) = preSolution
		Debug|Any CPU = Debug|Any CPU
		Release|Any CPU = Release|Any CPU
	EndGlobalSection
	GlobalSection(ProjectConfigurationPlatforms) = postSolution
		{2EBA92E8-516F-473E-A0E8-3C0B0D7E2DA1}.Debug|Any CPU.ActiveCfg = Debug|Any CPU
		{2EBA92E8-516F-473E-A0E8-3C0B0D7E2DA1}.Debug|Any CPU.Build.0 = Debug|Any CPU
		{2EBA92E8-516F-473E-A0E8-3C0B0D7E2DA1}.Release|Any CPU.ActiveCfg = Release|Any CPU
		{2EBA92E8-516F-473E-A0E8-3C0B0D7E2DA1}.Release|Any CPU.Build.0 = Release|Any CPU
	EndGlobalSection
	GlobalSection(SolutionProperties) = preSolution
		HideSolutionNode = FALSE
	EndGlobalSection
	GlobalSection(ExtensibilityGlobals) = postSolution
		SolutionGuid = {66A49478-E0B9-4D7A-8D38-EC039305118E}
	EndGlobalSection
EndGlobal
