
Microsoft Visual Studio Solution File, Format Version 12.00
# Visual Studio 15
VisualStudioVersion = 15.0.27428.2037
MinimumVisualStudioVersion = 10.0.40219.1
Project("{FAE04EC0-301F-11D3-BF4B-00C04F79EFBC}") = "Task2_7", "Task2_7\Task2_7.csproj", "{CC53DD2A-AA58-4CAB-8FA4-99D93D2F8408}"
EndProject
Global
	GlobalSection(SolutionConfigurationPlatforms) = preSolution
		Debug|Any CPU = Debug|Any CPU
		Release|Any CPU = Release|Any CPU
	EndGlobalSection
	GlobalSection(ProjectConfigurationPlatforms) = postSolution
		{CC53DD2A-AA58-4CAB-8FA4-99D93D2F8408}.Debug|Any CPU.ActiveCfg = Debug|Any CPU
		{CC53DD2A-AA58-4CAB-8FA4-99D93D2F8408}.Debug|Any CPU.Build.0 = Debug|Any CPU
		{CC53DD2A-AA58-4CAB-8FA4-99D93D2F8408}.Release|Any CPU.ActiveCfg = Release|Any CPU
		{CC53DD2A-AA58-4CAB-8FA4-99D93D2F8408}.Release|Any CPU.Build.0 = Release|Any CPU
	EndGlobalSection
	GlobalSection(SolutionProperties) = preSolution
		HideSolutionNode = FALSE
	EndGlobalSection
	GlobalSection(ExtensibilityGlobals) = postSolution
		SolutionGuid = {80F28B1A-2733-4AFD-8183-281B2F0B2641}
	EndGlobalSection
EndGlobal
