
Microsoft Visual Studio Solution File, Format Version 12.00
# Visual Studio 15
VisualStudioVersion = 15.0.27428.2037
MinimumVisualStudioVersion = 10.0.40219.1
Project("{FAE04EC0-301F-11D3-BF4B-00C04F79EFBC}") = "Lect8Task6(1)", "Lect8Task6(1)\Lect8Task6(1).csproj", "{2B690018-C797-4B65-98F5-305C074B7681}"
EndProject
Global
	GlobalSection(SolutionConfigurationPlatforms) = preSolution
		Debug|Any CPU = Debug|Any CPU
		Release|Any CPU = Release|Any CPU
	EndGlobalSection
	GlobalSection(ProjectConfigurationPlatforms) = postSolution
		{2B690018-C797-4B65-98F5-305C074B7681}.Debug|Any CPU.ActiveCfg = Debug|Any CPU
		{2B690018-C797-4B65-98F5-305C074B7681}.Debug|Any CPU.Build.0 = Debug|Any CPU
		{2B690018-C797-4B65-98F5-305C074B7681}.Release|Any CPU.ActiveCfg = Release|Any CPU
		{2B690018-C797-4B65-98F5-305C074B7681}.Release|Any CPU.Build.0 = Release|Any CPU
	EndGlobalSection
	GlobalSection(SolutionProperties) = preSolution
		HideSolutionNode = FALSE
	EndGlobalSection
	GlobalSection(ExtensibilityGlobals) = postSolution
		SolutionGuid = {63CFA36A-8020-4130-9CD3-FC3DAE6AAA94}
	EndGlobalSection
EndGlobal
