
Microsoft Visual Studio Solution File, Format Version 12.00
# Visual Studio 15
VisualStudioVersion = 15.0.27428.2037
MinimumVisualStudioVersion = 10.0.40219.1
Project("{FAE04EC0-301F-11D3-BF4B-00C04F79EFBC}") = "quest8", "quest8\quest8.csproj", "{3392F98E-9958-464D-8E67-C96210C3EFA8}"
EndProject
Global
	GlobalSection(SolutionConfigurationPlatforms) = preSolution
		Debug|Any CPU = Debug|Any CPU
		Release|Any CPU = Release|Any CPU
	EndGlobalSection
	GlobalSection(ProjectConfigurationPlatforms) = postSolution
		{3392F98E-9958-464D-8E67-C96210C3EFA8}.Debug|Any CPU.ActiveCfg = Debug|Any CPU
		{3392F98E-9958-464D-8E67-C96210C3EFA8}.Debug|Any CPU.Build.0 = Debug|Any CPU
		{3392F98E-9958-464D-8E67-C96210C3EFA8}.Release|Any CPU.ActiveCfg = Release|Any CPU
		{3392F98E-9958-464D-8E67-C96210C3EFA8}.Release|Any CPU.Build.0 = Release|Any CPU
	EndGlobalSection
	GlobalSection(SolutionProperties) = preSolution
		HideSolutionNode = FALSE
	EndGlobalSection
	GlobalSection(ExtensibilityGlobals) = postSolution
		SolutionGuid = {73E0DCBF-F5CD-4F6F-9C74-AECACF0AF10D}
	EndGlobalSection
EndGlobal
