
Microsoft Visual Studio Solution File, Format Version 12.00
# Visual Studio 15
VisualStudioVersion = 15.0.27428.2037
MinimumVisualStudioVersion = 10.0.40219.1
Project("{FAE04EC0-301F-11D3-BF4B-00C04F79EFBC}") = "Lect2Task1", "Lect2Task1\Lect2Task1.csproj", "{2D802357-F459-4756-8EFB-3BF5ECC06298}"
EndProject
Global
	GlobalSection(SolutionConfigurationPlatforms) = preSolution
		Debug|Any CPU = Debug|Any CPU
		Release|Any CPU = Release|Any CPU
	EndGlobalSection
	GlobalSection(ProjectConfigurationPlatforms) = postSolution
		{2D802357-F459-4756-8EFB-3BF5ECC06298}.Debug|Any CPU.ActiveCfg = Debug|Any CPU
		{2D802357-F459-4756-8EFB-3BF5ECC06298}.Debug|Any CPU.Build.0 = Debug|Any CPU
		{2D802357-F459-4756-8EFB-3BF5ECC06298}.Release|Any CPU.ActiveCfg = Release|Any CPU
		{2D802357-F459-4756-8EFB-3BF5ECC06298}.Release|Any CPU.Build.0 = Release|Any CPU
	EndGlobalSection
	GlobalSection(SolutionProperties) = preSolution
		HideSolutionNode = FALSE
	EndGlobalSection
	GlobalSection(ExtensibilityGlobals) = postSolution
		SolutionGuid = {60EF3907-38BE-4EED-9D70-1DDCA3C9EEF9}
	EndGlobalSection
EndGlobal
