
Microsoft Visual Studio Solution File, Format Version 12.00
# Visual Studio 15
VisualStudioVersion = 15.0.27428.2037
MinimumVisualStudioVersion = 10.0.40219.1
Project("{FAE04EC0-301F-11D3-BF4B-00C04F79EFBC}") = "Structures_task4", "Structures_task4\Structures_task4.csproj", "{56CC94C2-8406-489A-9568-FD9C84EC3038}"
EndProject
Global
	GlobalSection(SolutionConfigurationPlatforms) = preSolution
		Debug|Any CPU = Debug|Any CPU
		Release|Any CPU = Release|Any CPU
	EndGlobalSection
	GlobalSection(ProjectConfigurationPlatforms) = postSolution
		{56CC94C2-8406-489A-9568-FD9C84EC3038}.Debug|Any CPU.ActiveCfg = Debug|Any CPU
		{56CC94C2-8406-489A-9568-FD9C84EC3038}.Debug|Any CPU.Build.0 = Debug|Any CPU
		{56CC94C2-8406-489A-9568-FD9C84EC3038}.Release|Any CPU.ActiveCfg = Release|Any CPU
		{56CC94C2-8406-489A-9568-FD9C84EC3038}.Release|Any CPU.Build.0 = Release|Any CPU
	EndGlobalSection
	GlobalSection(SolutionProperties) = preSolution
		HideSolutionNode = FALSE
	EndGlobalSection
	GlobalSection(ExtensibilityGlobals) = postSolution
		SolutionGuid = {8CF785B5-190B-40A2-9CF0-C4E863266C14}
	EndGlobalSection
EndGlobal
