
Microsoft Visual Studio Solution File, Format Version 12.00
# Visual Studio 15
VisualStudioVersion = 15.0.27428.2037
MinimumVisualStudioVersion = 10.0.40219.1
Project("{FAE04EC0-301F-11D3-BF4B-00C04F79EFBC}") = "Lect6Task5", "Lect6Task5\Lect6Task5.csproj", "{55435D36-B4DC-4B6A-9BCC-65FD9C096C79}"
EndProject
Global
	GlobalSection(SolutionConfigurationPlatforms) = preSolution
		Debug|Any CPU = Debug|Any CPU
		Release|Any CPU = Release|Any CPU
	EndGlobalSection
	GlobalSection(ProjectConfigurationPlatforms) = postSolution
		{55435D36-B4DC-4B6A-9BCC-65FD9C096C79}.Debug|Any CPU.ActiveCfg = Debug|Any CPU
		{55435D36-B4DC-4B6A-9BCC-65FD9C096C79}.Debug|Any CPU.Build.0 = Debug|Any CPU
		{55435D36-B4DC-4B6A-9BCC-65FD9C096C79}.Release|Any CPU.ActiveCfg = Release|Any CPU
		{55435D36-B4DC-4B6A-9BCC-65FD9C096C79}.Release|Any CPU.Build.0 = Release|Any CPU
	EndGlobalSection
	GlobalSection(SolutionProperties) = preSolution
		HideSolutionNode = FALSE
	EndGlobalSection
	GlobalSection(ExtensibilityGlobals) = postSolution
		SolutionGuid = {EF23C5B6-DD0A-440C-8AEF-A506992CDD32}
	EndGlobalSection
EndGlobal
