
Microsoft Visual Studio Solution File, Format Version 12.00
# Visual Studio 15
VisualStudioVersion = 15.0.27428.2037
MinimumVisualStudioVersion = 10.0.40219.1
Project("{FAE04EC0-301F-11D3-BF4B-00C04F79EFBC}") = "Collections_task2", "Collections_task2\Collections_task2.csproj", "{A49661A3-B8C2-4907-B900-4D1562A4D7A0}"
EndProject
Global
	GlobalSection(SolutionConfigurationPlatforms) = preSolution
		Debug|Any CPU = Debug|Any CPU
		Release|Any CPU = Release|Any CPU
	EndGlobalSection
	GlobalSection(ProjectConfigurationPlatforms) = postSolution
		{A49661A3-B8C2-4907-B900-4D1562A4D7A0}.Debug|Any CPU.ActiveCfg = Debug|Any CPU
		{A49661A3-B8C2-4907-B900-4D1562A4D7A0}.Debug|Any CPU.Build.0 = Debug|Any CPU
		{A49661A3-B8C2-4907-B900-4D1562A4D7A0}.Release|Any CPU.ActiveCfg = Release|Any CPU
		{A49661A3-B8C2-4907-B900-4D1562A4D7A0}.Release|Any CPU.Build.0 = Release|Any CPU
	EndGlobalSection
	GlobalSection(SolutionProperties) = preSolution
		HideSolutionNode = FALSE
	EndGlobalSection
	GlobalSection(ExtensibilityGlobals) = postSolution
		SolutionGuid = {088EF3D2-AB65-431B-81B7-EA535EDF1805}
	EndGlobalSection
EndGlobal
