
Microsoft Visual Studio Solution File, Format Version 12.00
# Visual Studio 15
VisualStudioVersion = 15.0.27428.2037
MinimumVisualStudioVersion = 10.0.40219.1
Project("{FAE04EC0-301F-11D3-BF4B-00C04F79EFBC}") = "Lect7Task3", "Lect7Task3\Lect7Task3.csproj", "{19B691FF-6A72-4177-B5AC-1DBB4703C96E}"
EndProject
Global
	GlobalSection(SolutionConfigurationPlatforms) = preSolution
		Debug|Any CPU = Debug|Any CPU
		Release|Any CPU = Release|Any CPU
	EndGlobalSection
	GlobalSection(ProjectConfigurationPlatforms) = postSolution
		{19B691FF-6A72-4177-B5AC-1DBB4703C96E}.Debug|Any CPU.ActiveCfg = Debug|Any CPU
		{19B691FF-6A72-4177-B5AC-1DBB4703C96E}.Debug|Any CPU.Build.0 = Debug|Any CPU
		{19B691FF-6A72-4177-B5AC-1DBB4703C96E}.Release|Any CPU.ActiveCfg = Release|Any CPU
		{19B691FF-6A72-4177-B5AC-1DBB4703C96E}.Release|Any CPU.Build.0 = Release|Any CPU
	EndGlobalSection
	GlobalSection(SolutionProperties) = preSolution
		HideSolutionNode = FALSE
	EndGlobalSection
	GlobalSection(ExtensibilityGlobals) = postSolution
		SolutionGuid = {C5638045-4A0F-489D-ABFB-1EF51901A2AE}
	EndGlobalSection
EndGlobal
